
Microsoft Visual Studio Solution File, Format Version 12.00
# Visual Studio Version 17
VisualStudioVersion = 17.11.35303.130
MinimumVisualStudioVersion = 10.0.40219.1
Project("{9A19103F-16F7-4668-BE54-9A1E7A4F7556}") = "Scrath_00", "Scrath_00\Scrath_00.csproj", "{BBA1F629-0F6A-461B-9A86-DFCBB8884156}"
EndProject
Project("{9A19103F-16F7-4668-BE54-9A1E7A4F7556}") = "SnakeGame", "SnakeGame\SnakeGame.csproj", "{A097E8A5-40B8-4CD7-9574-A4FB3A5E9F13}"
EndProject
Project("{FAE04EC0-301F-11D3-BF4B-00C04F79EFBC}") = "TextRpg", "TextRpg\TextRpg.csproj", "{A887D23B-9DDD-49E7-BFCD-20239A248F41}"
EndProject
Global
	GlobalSection(SolutionConfigurationPlatforms) = preSolution
		Debug|Any CPU = Debug|Any CPU
		Release|Any CPU = Release|Any CPU
	EndGlobalSection
	GlobalSection(ProjectConfigurationPlatforms) = postSolution
		{BBA1F629-0F6A-461B-9A86-DFCBB8884156}.Debug|Any CPU.ActiveCfg = Debug|Any CPU
		{BBA1F629-0F6A-461B-9A86-DFCBB8884156}.Debug|Any CPU.Build.0 = Debug|Any CPU
		{BBA1F629-0F6A-461B-9A86-DFCBB8884156}.Release|Any CPU.ActiveCfg = Release|Any CPU
		{BBA1F629-0F6A-461B-9A86-DFCBB8884156}.Release|Any CPU.Build.0 = Release|Any CPU
		{A097E8A5-40B8-4CD7-9574-A4FB3A5E9F13}.Debug|Any CPU.ActiveCfg = Debug|Any CPU
		{A097E8A5-40B8-4CD7-9574-A4FB3A5E9F13}.Debug|Any CPU.Build.0 = Debug|Any CPU
		{A097E8A5-40B8-4CD7-9574-A4FB3A5E9F13}.Release|Any CPU.ActiveCfg = Release|Any CPU
		{A097E8A5-40B8-4CD7-9574-A4FB3A5E9F13}.Release|Any CPU.Build.0 = Release|Any CPU
		{A887D23B-9DDD-49E7-BFCD-20239A248F41}.Debug|Any CPU.ActiveCfg = Debug|Any CPU
		{A887D23B-9DDD-49E7-BFCD-20239A248F41}.Debug|Any CPU.Build.0 = Debug|Any CPU
		{A887D23B-9DDD-49E7-BFCD-20239A248F41}.Release|Any CPU.ActiveCfg = Release|Any CPU
		{A887D23B-9DDD-49E7-BFCD-20239A248F41}.Release|Any CPU.Build.0 = Release|Any CPU
	EndGlobalSection
	GlobalSection(SolutionProperties) = preSolution
		HideSolutionNode = FALSE
	EndGlobalSection
	GlobalSection(ExtensibilityGlobals) = postSolution
		SolutionGuid = {90C37A60-9676-4406-A9AA-6444F3D2D8D5}
	EndGlobalSection
EndGlobal
